
Microsoft Visual Studio Solution File, Format Version 12.00
# Visual Studio 15
VisualStudioVersion = 15.0.27428.2015
MinimumVisualStudioVersion = 10.0.40219.1
Project("{FAE04EC0-301F-11D3-BF4B-00C04F79EFBC}") = "master-proyek", "master-proyek\master-proyek.csproj", "{8E72BFF0-BF62-4690-B4D9-F92C4D8627DB}"
EndProject
Global
	GlobalSection(SolutionConfigurationPlatforms) = preSolution
		Debug|Any CPU = Debug|Any CPU
		Release|Any CPU = Release|Any CPU
	EndGlobalSection
	GlobalSection(ProjectConfigurationPlatforms) = postSolution
		{8E72BFF0-BF62-4690-B4D9-F92C4D8627DB}.Debug|Any CPU.ActiveCfg = Debug|Any CPU
		{8E72BFF0-BF62-4690-B4D9-F92C4D8627DB}.Debug|Any CPU.Build.0 = Debug|Any CPU
		{8E72BFF0-BF62-4690-B4D9-F92C4D8627DB}.Release|Any CPU.ActiveCfg = Release|Any CPU
		{8E72BFF0-BF62-4690-B4D9-F92C4D8627DB}.Release|Any CPU.Build.0 = Release|Any CPU
	EndGlobalSection
	GlobalSection(SolutionProperties) = preSolution
		HideSolutionNode = FALSE
	EndGlobalSection
	GlobalSection(ExtensibilityGlobals) = postSolution
		SolutionGuid = {4E7BA6E3-3CFB-4BDB-ACF2-0E38586C229F}
	EndGlobalSection
EndGlobal
